// !$*UTF8*$!
{
	archiveVersion = 1;
	classes = {
	};
	objectVersion = 56;
	objects = {

/* Begin PBXBuildFile section */
		0C77ACAE2A3839CF003BEB0C /* links.csv in Resources */ = {isa = PBXBuildFile; fileRef = 0C77ACAD2A3839CF003BEB0C /* links.csv */; };
		0C77ACB02A386738003BEB0C /* Comment.swift in Sources */ = {isa = PBXBuildFile; fileRef = 0C77ACAF2A386738003BEB0C /* Comment.swift */; };
		0C8EADB12A3611860023C55F /* DetailViewController.swift in Sources */ = {isa = PBXBuildFile; fileRef = 0C8EADB02A3611860023C55F /* DetailViewController.swift */; };
		0CB57D4F2A2F9A1F006EF06A /* AppDelegate.swift in Sources */ = {isa = PBXBuildFile; fileRef = 0CB57D4E2A2F9A1F006EF06A /* AppDelegate.swift */; };
		0CB57D512A2F9A1F006EF06A /* SceneDelegate.swift in Sources */ = {isa = PBXBuildFile; fileRef = 0CB57D502A2F9A1F006EF06A /* SceneDelegate.swift */; };
		0CB57D532A2F9A1F006EF06A /* MovieGroupViewController.swift in Sources */ = {isa = PBXBuildFile; fileRef = 0CB57D522A2F9A1F006EF06A /* MovieGroupViewController.swift */; };
		0CB57D582A2F9A20006EF06A /* Assets.xcassets in Resources */ = {isa = PBXBuildFile; fileRef = 0CB57D572A2F9A20006EF06A /* Assets.xcassets */; };
		0CB57D5B2A2F9A20006EF06A /* LaunchScreen.storyboard in Resources */ = {isa = PBXBuildFile; fileRef = 0CB57D592A2F9A20006EF06A /* LaunchScreen.storyboard */; };
		0CB57D6B2A312624006EF06A /* Movie.swift in Sources */ = {isa = PBXBuildFile; fileRef = 0CB57D6A2A312624006EF06A /* Movie.swift */; };
		0CB57D6E2A312D47006EF06A /* SwiftCSV in Frameworks */ = {isa = PBXBuildFile; productRef = 0CB57D6D2A312D47006EF06A /* SwiftCSV */; };
		0CF888692A321A7100207B61 /* poster_sample.jpg in Resources */ = {isa = PBXBuildFile; fileRef = 0CF888682A321A7100207B61 /* poster_sample.jpg */; };
		0CF8886B2A321A7600207B61 /* movies_metadata.csv in Resources */ = {isa = PBXBuildFile; fileRef = 0CF8886A2A321A7600207B61 /* movies_metadata.csv */; };
		0CF8886F2A326C3200207B61 /* Database.swift in Sources */ = {isa = PBXBuildFile; fileRef = 0CF8886E2A326C3200207B61 /* Database.swift */; };
		0CF888712A326D4C00207B61 /* DbMemory.swift in Sources */ = {isa = PBXBuildFile; fileRef = 0CF888702A326D4C00207B61 /* DbMemory.swift */; };
		0CF888762A347DAD00207B61 /* Main.storyboard in Resources */ = {isa = PBXBuildFile; fileRef = 0CB57D542A2F9A1F006EF06A /* Main.storyboard */; };
		0CF8887A2A34B4CF00207B61 /* TabBarController.swift in Sources */ = {isa = PBXBuildFile; fileRef = 0CF888792A34B4CF00207B61 /* TabBarController.swift */; };
		0CF8887C2A34B50300207B61 /* SearchViewController.swift in Sources */ = {isa = PBXBuildFile; fileRef = 0CF8887B2A34B50300207B61 /* SearchViewController.swift */; };
/* End PBXBuildFile section */

/* Begin PBXFileReference section */
		0C77ACAD2A3839CF003BEB0C /* links.csv */ = {isa = PBXFileReference; fileEncoding = 4; lastKnownFileType = text; path = links.csv; sourceTree = "<group>"; };
		0C77ACAF2A386738003BEB0C /* Comment.swift */ = {isa = PBXFileReference; lastKnownFileType = sourcecode.swift; path = Comment.swift; sourceTree = "<group>"; };
		0C8EADB02A3611860023C55F /* DetailViewController.swift */ = {isa = PBXFileReference; lastKnownFileType = sourcecode.swift; path = DetailViewController.swift; sourceTree = "<group>"; };
		0CB57D4B2A2F9A1F006EF06A /* ott_movies.app */ = {isa = PBXFileReference; explicitFileType = wrapper.application; includeInIndex = 0; path = ott_movies.app; sourceTree = BUILT_PRODUCTS_DIR; };
		0CB57D4E2A2F9A1F006EF06A /* AppDelegate.swift */ = {isa = PBXFileReference; lastKnownFileType = sourcecode.swift; path = AppDelegate.swift; sourceTree = "<group>"; };
		0CB57D502A2F9A1F006EF06A /* SceneDelegate.swift */ = {isa = PBXFileReference; lastKnownFileType = sourcecode.swift; path = SceneDelegate.swift; sourceTree = "<group>"; };
		0CB57D522A2F9A1F006EF06A /* MovieGroupViewController.swift */ = {isa = PBXFileReference; lastKnownFileType = sourcecode.swift; path = MovieGroupViewController.swift; sourceTree = "<group>"; };
		0CB57D552A2F9A1F006EF06A /* Base */ = {isa = PBXFileReference; lastKnownFileType = file.storyboard; name = Base; path = Base.lproj/Main.storyboard; sourceTree = "<group>"; };
		0CB57D572A2F9A20006EF06A /* Assets.xcassets */ = {isa = PBXFileReference; lastKnownFileType = folder.assetcatalog; path = Assets.xcassets; sourceTree = "<group>"; };
		0CB57D5A2A2F9A20006EF06A /* Base */ = {isa = PBXFileReference; lastKnownFileType = file.storyboard; name = Base; path = Base.lproj/LaunchScreen.storyboard; sourceTree = "<group>"; };
		0CB57D5C2A2F9A20006EF06A /* Info.plist */ = {isa = PBXFileReference; lastKnownFileType = text.plist.xml; path = Info.plist; sourceTree = "<group>"; };
		0CB57D6A2A312624006EF06A /* Movie.swift */ = {isa = PBXFileReference; lastKnownFileType = sourcecode.swift; path = Movie.swift; sourceTree = "<group>"; };
		0CF888682A321A7100207B61 /* poster_sample.jpg */ = {isa = PBXFileReference; lastKnownFileType = image.jpeg; path = poster_sample.jpg; sourceTree = "<group>"; };
		0CF8886A2A321A7600207B61 /* movies_metadata.csv */ = {isa = PBXFileReference; fileEncoding = 4; lastKnownFileType = text; path = movies_metadata.csv; sourceTree = "<group>"; };
		0CF8886E2A326C3200207B61 /* Database.swift */ = {isa = PBXFileReference; lastKnownFileType = sourcecode.swift; path = Database.swift; sourceTree = "<group>"; };
		0CF888702A326D4C00207B61 /* DbMemory.swift */ = {isa = PBXFileReference; lastKnownFileType = sourcecode.swift; path = DbMemory.swift; sourceTree = "<group>"; };
		0CF888792A34B4CF00207B61 /* TabBarController.swift */ = {isa = PBXFileReference; lastKnownFileType = sourcecode.swift; path = TabBarController.swift; sourceTree = "<group>"; };
		0CF8887B2A34B50300207B61 /* SearchViewController.swift */ = {isa = PBXFileReference; lastKnownFileType = sourcecode.swift; path = SearchViewController.swift; sourceTree = "<group>"; };
/* End PBXFileReference section */

/* Begin PBXFrameworksBuildPhase section */
		0CB57D482A2F9A1F006EF06A /* Frameworks */ = {
			isa = PBXFrameworksBuildPhase;
			buildActionMask = 2147483647;
			files = (
				0CB57D6E2A312D47006EF06A /* SwiftCSV in Frameworks */,
			);
			runOnlyForDeploymentPostprocessing = 0;
		};
/* End PBXFrameworksBuildPhase section */

/* Begin PBXGroup section */
		0CB57D422A2F9A1F006EF06A = {
			isa = PBXGroup;
			children = (
				0CB57D4D2A2F9A1F006EF06A /* ott_movies */,
				0CB57D4C2A2F9A1F006EF06A /* Products */,
			);
			sourceTree = "<group>";
		};
		0CB57D4C2A2F9A1F006EF06A /* Products */ = {
			isa = PBXGroup;
			children = (
				0CB57D4B2A2F9A1F006EF06A /* ott_movies.app */,
			);
			name = Products;
			sourceTree = "<group>";
		};
		0CB57D4D2A2F9A1F006EF06A /* ott_movies */ = {
			isa = PBXGroup;
			children = (
				0CB57D4E2A2F9A1F006EF06A /* AppDelegate.swift */,
				0CB57D502A2F9A1F006EF06A /* SceneDelegate.swift */,
				0CB57D522A2F9A1F006EF06A /* MovieGroupViewController.swift */,
				0CB57D6A2A312624006EF06A /* Movie.swift */,
				0C77ACAF2A386738003BEB0C /* Comment.swift */,
				0CF8886E2A326C3200207B61 /* Database.swift */,
				0CF888702A326D4C00207B61 /* DbMemory.swift */,
				0CF888792A34B4CF00207B61 /* TabBarController.swift */,
				0CF8887B2A34B50300207B61 /* SearchViewController.swift */,
				0C8EADB02A3611860023C55F /* DetailViewController.swift */,
				0CB57D542A2F9A1F006EF06A /* Main.storyboard */,
				0CB57D572A2F9A20006EF06A /* Assets.xcassets */,
				0CB57D592A2F9A20006EF06A /* LaunchScreen.storyboard */,
				0CB57D5C2A2F9A20006EF06A /* Info.plist */,
				0CF888682A321A7100207B61 /* poster_sample.jpg */,
				0CF8886A2A321A7600207B61 /* movies_metadata.csv */,
				0C77ACAD2A3839CF003BEB0C /* links.csv */,
			);
			path = ott_movies;
			sourceTree = "<group>";
		};
/* End PBXGroup section */

/* Begin PBXNativeTarget section */
		0CB57D4A2A2F9A1F006EF06A /* ott_movies */ = {
			isa = PBXNativeTarget;
			buildConfigurationList = 0CB57D5F2A2F9A20006EF06A /* Build configuration list for PBXNativeTarget "ott_movies" */;
			buildPhases = (
				0CB57D472A2F9A1F006EF06A /* Sources */,
				0CB57D482A2F9A1F006EF06A /* Frameworks */,
				0CB57D492A2F9A1F006EF06A /* Resources */,
			);
			buildRules = (
			);
			dependencies = (
			);
			name = ott_movies;
			packageProductDependencies = (
				0CB57D6D2A312D47006EF06A /* SwiftCSV */,
			);
			productName = ott_movies;
			productReference = 0CB57D4B2A2F9A1F006EF06A /* ott_movies.app */;
			productType = "com.apple.product-type.application";
		};
/* End PBXNativeTarget section */

/* Begin PBXProject section */
		0CB57D432A2F9A1F006EF06A /* Project object */ = {
			isa = PBXProject;
			attributes = {
				BuildIndependentTargetsInParallel = 1;
				LastSwiftUpdateCheck = 1430;
				LastUpgradeCheck = 1430;
				TargetAttributes = {
					0CB57D4A2A2F9A1F006EF06A = {
						CreatedOnToolsVersion = 14.3.1;
					};
				};
			};
			buildConfigurationList = 0CB57D462A2F9A1F006EF06A /* Build configuration list for PBXProject "ott_movies" */;
			compatibilityVersion = "Xcode 14.0";
			developmentRegion = en;
			hasScannedForEncodings = 0;
			knownRegions = (
				en,
				Base,
			);
			mainGroup = 0CB57D422A2F9A1F006EF06A;
			packageReferences = (
				0CB57D6C2A312D47006EF06A /* XCRemoteSwiftPackageReference "SwiftCSV" */,
			);
			productRefGroup = 0CB57D4C2A2F9A1F006EF06A /* Products */;
			projectDirPath = "";
			projectRoot = "";
			targets = (
				0CB57D4A2A2F9A1F006EF06A /* ott_movies */,
			);
		};
/* End PBXProject section */

/* Begin PBXResourcesBuildPhase section */
		0CB57D492A2F9A1F006EF06A /* Resources */ = {
			isa = PBXResourcesBuildPhase;
			buildActionMask = 2147483647;
			files = (
				0CF8886B2A321A7600207B61 /* movies_metadata.csv in Resources */,
				0CF888762A347DAD00207B61 /* Main.storyboard in Resources */,
				0C77ACAE2A3839CF003BEB0C /* links.csv in Resources */,
				0CB57D5B2A2F9A20006EF06A /* LaunchScreen.storyboard in Resources */,
				0CB57D582A2F9A20006EF06A /* Assets.xcassets in Resources */,
				0CF888692A321A7100207B61 /* poster_sample.jpg in Resources */,
			);
			runOnlyForDeploymentPostprocessing = 0;
		};
/* End PBXResourcesBuildPhase section */

/* Begin PBXSourcesBuildPhase section */
		0CB57D472A2F9A1F006EF06A /* Sources */ = {
			isa = PBXSourcesBuildPhase;
			buildActionMask = 2147483647;
			files = (
				0C8EADB12A3611860023C55F /* DetailViewController.swift in Sources */,
				0CF8886F2A326C3200207B61 /* Database.swift in Sources */,
				0CF8887A2A34B4CF00207B61 /* TabBarController.swift in Sources */,
				0CB57D532A2F9A1F006EF06A /* MovieGroupViewController.swift in Sources */,
				0CF8887C2A34B50300207B61 /* SearchViewController.swift in Sources */,
				0C77ACB02A386738003BEB0C /* Comment.swift in Sources */,
				0CB57D4F2A2F9A1F006EF06A /* AppDelegate.swift in Sources */,
				0CF888712A326D4C00207B61 /* DbMemory.swift in Sources */,
				0CB57D512A2F9A1F006EF06A /* SceneDelegate.swift in Sources */,
				0CB57D6B2A312624006EF06A /* Movie.swift in Sources */,
			);
			runOnlyForDeploymentPostprocessing = 0;
		};
/* End PBXSourcesBuildPhase section */

/* Begin PBXVariantGroup section */
		0CB57D542A2F9A1F006EF06A /* Main.storyboard */ = {
			isa = PBXVariantGroup;
			children = (
				0CB57D552A2F9A1F006EF06A /* Base */,
			);
			name = Main.storyboard;
			sourceTree = "<group>";
		};
		0CB57D592A2F9A20006EF06A /* LaunchScreen.storyboard */ = {
			isa = PBXVariantGroup;
			children = (
				0CB57D5A2A2F9A20006EF06A /* Base */,
			);
			name = LaunchScreen.storyboard;
			sourceTree = "<group>";
		};
/* End PBXVariantGroup section */

/* Begin XCBuildConfiguration section */
		0CB57D5D2A2F9A20006EF06A /* Debug */ = {
			isa = XCBuildConfiguration;
			buildSettings = {
				ALWAYS_SEARCH_USER_PATHS = NO;
				CLANG_ANALYZER_NONNULL = YES;
				CLANG_ANALYZER_NUMBER_OBJECT_CONVERSION = YES_AGGRESSIVE;
				CLANG_CXX_LANGUAGE_STANDARD = "gnu++20";
				CLANG_ENABLE_MODULES = YES;
				CLANG_ENABLE_OBJC_ARC = YES;
				CLANG_ENABLE_OBJC_WEAK = YES;
				CLANG_WARN_BLOCK_CAPTURE_AUTORELEASING = YES;
				CLANG_WARN_BOOL_CONVERSION = YES;
				CLANG_WARN_COMMA = YES;
				CLANG_WARN_CONSTANT_CONVERSION = YES;
				CLANG_WARN_DEPRECATED_OBJC_IMPLEMENTATIONS = YES;
				CLANG_WARN_DIRECT_OBJC_ISA_USAGE = YES_ERROR;
				CLANG_WARN_DOCUMENTATION_COMMENTS = YES;
				CLANG_WARN_EMPTY_BODY = YES;
				CLANG_WARN_ENUM_CONVERSION = YES;
				CLANG_WARN_INFINITE_RECURSION = YES;
				CLANG_WARN_INT_CONVERSION = YES;
				CLANG_WARN_NON_LITERAL_NULL_CONVERSION = YES;
				CLANG_WARN_OBJC_IMPLICIT_RETAIN_SELF = YES;
				CLANG_WARN_OBJC_LITERAL_CONVERSION = YES;
				CLANG_WARN_OBJC_ROOT_CLASS = YES_ERROR;
				CLANG_WARN_QUOTED_INCLUDE_IN_FRAMEWORK_HEADER = YES;
				CLANG_WARN_RANGE_LOOP_ANALYSIS = YES;
				CLANG_WARN_STRICT_PROTOTYPES = YES;
				CLANG_WARN_SUSPICIOUS_MOVE = YES;
				CLANG_WARN_UNGUARDED_AVAILABILITY = YES_AGGRESSIVE;
				CLANG_WARN_UNREACHABLE_CODE = YES;
				CLANG_WARN__DUPLICATE_METHOD_MATCH = YES;
				COPY_PHASE_STRIP = NO;
				DEBUG_INFORMATION_FORMAT = dwarf;
				ENABLE_STRICT_OBJC_MSGSEND = YES;
				ENABLE_TESTABILITY = YES;
				GCC_C_LANGUAGE_STANDARD = gnu11;
				GCC_DYNAMIC_NO_PIC = NO;
				GCC_NO_COMMON_BLOCKS = YES;
				GCC_OPTIMIZATION_LEVEL = 0;
				GCC_PREPROCESSOR_DEFINITIONS = (
					"DEBUG=1",
					"$(inherited)",
				);
				GCC_WARN_64_TO_32_BIT_CONVERSION = YES;
				GCC_WARN_ABOUT_RETURN_TYPE = YES_ERROR;
				GCC_WARN_UNDECLARED_SELECTOR = YES;
				GCC_WARN_UNINITIALIZED_AUTOS = YES_AGGRESSIVE;
				GCC_WARN_UNUSED_FUNCTION = YES;
				GCC_WARN_UNUSED_VARIABLE = YES;
				IPHONEOS_DEPLOYMENT_TARGET = 16.4;
				MTL_ENABLE_DEBUG_INFO = INCLUDE_SOURCE;
				MTL_FAST_MATH = YES;
				ONLY_ACTIVE_ARCH = YES;
				SDKROOT = iphoneos;
				SWIFT_ACTIVE_COMPILATION_CONDITIONS = DEBUG;
				SWIFT_OPTIMIZATION_LEVEL = "-Onone";
			};
			name = Debug;
		};
		0CB57D5E2A2F9A20006EF06A /* Release */ = {
			isa = XCBuildConfiguration;
			buildSettings = {
				ALWAYS_SEARCH_USER_PATHS = NO;
				CLANG_ANALYZER_NONNULL = YES;
				CLANG_ANALYZER_NUMBER_OBJECT_CONVERSION = YES_AGGRESSIVE;
				CLANG_CXX_LANGUAGE_STANDARD = "gnu++20";
				CLANG_ENABLE_MODULES = YES;
				CLANG_ENABLE_OBJC_ARC = YES;
				CLANG_ENABLE_OBJC_WEAK = YES;
				CLANG_WARN_BLOCK_CAPTURE_AUTORELEASING = YES;
				CLANG_WARN_BOOL_CONVERSION = YES;
				CLANG_WARN_COMMA = YES;
				CLANG_WARN_CONSTANT_CONVERSION = YES;
				CLANG_WARN_DEPRECATED_OBJC_IMPLEMENTATIONS = YES;
				CLANG_WARN_DIRECT_OBJC_ISA_USAGE = YES_ERROR;
				CLANG_WARN_DOCUMENTATION_COMMENTS = YES;
				CLANG_WARN_EMPTY_BODY = YES;
				CLANG_WARN_ENUM_CONVERSION = YES;
				CLANG_WARN_INFINITE_RECURSION = YES;
				CLANG_WARN_INT_CONVERSION = YES;
				CLANG_WARN_NON_LITERAL_NULL_CONVERSION = YES;
				CLANG_WARN_OBJC_IMPLICIT_RETAIN_SELF = YES;
				CLANG_WARN_OBJC_LITERAL_CONVERSION = YES;
				CLANG_WARN_OBJC_ROOT_CLASS = YES_ERROR;
				CLANG_WARN_QUOTED_INCLUDE_IN_FRAMEWORK_HEADER = YES;
				CLANG_WARN_RANGE_LOOP_ANALYSIS = YES;
				CLANG_WARN_STRICT_PROTOTYPES = YES;
				CLANG_WARN_SUSPICIOUS_MOVE = YES;
				CLANG_WARN_UNGUARDED_AVAILABILITY = YES_AGGRESSIVE;
				CLANG_WARN_UNREACHABLE_CODE = YES;
				CLANG_WARN__DUPLICATE_METHOD_MATCH = YES;
				COPY_PHASE_STRIP = NO;
				DEBUG_INFORMATION_FORMAT = "dwarf-with-dsym";
				ENABLE_NS_ASSERTIONS = NO;
				ENABLE_STRICT_OBJC_MSGSEND = YES;
				GCC_C_LANGUAGE_STANDARD = gnu11;
				GCC_NO_COMMON_BLOCKS = YES;
				GCC_WARN_64_TO_32_BIT_CONVERSION = YES;
				GCC_WARN_ABOUT_RETURN_TYPE = YES_ERROR;
				GCC_WARN_UNDECLARED_SELECTOR = YES;
				GCC_WARN_UNINITIALIZED_AUTOS = YES_AGGRESSIVE;
				GCC_WARN_UNUSED_FUNCTION = YES;
				GCC_WARN_UNUSED_VARIABLE = YES;
				IPHONEOS_DEPLOYMENT_TARGET = 16.4;
				MTL_ENABLE_DEBUG_INFO = NO;
				MTL_FAST_MATH = YES;
				SDKROOT = iphoneos;
				SWIFT_COMPILATION_MODE = wholemodule;
				SWIFT_OPTIMIZATION_LEVEL = "-O";
				VALIDATE_PRODUCT = YES;
			};
			name = Release;
		};
		0CB57D602A2F9A20006EF06A /* Debug */ = {
			isa = XCBuildConfiguration;
			buildSettings = {
				ASSETCATALOG_COMPILER_APPICON_NAME = AppIcon;
				ASSETCATALOG_COMPILER_GLOBAL_ACCENT_COLOR_NAME = AccentColor;
				CODE_SIGN_STYLE = Automatic;
				CURRENT_PROJECT_VERSION = 1;
				GENERATE_INFOPLIST_FILE = YES;
				INFOPLIST_FILE = ott_movies/Info.plist;
				INFOPLIST_KEY_UIApplicationSupportsIndirectInputEvents = YES;
				INFOPLIST_KEY_UILaunchStoryboardName = LaunchScreen;
				INFOPLIST_KEY_UIMainStoryboardFile = Main;
				INFOPLIST_KEY_UISupportedInterfaceOrientations_iPad = "UIInterfaceOrientationPortrait UIInterfaceOrientationPortraitUpsideDown UIInterfaceOrientationLandscapeLeft UIInterfaceOrientationLandscapeRight";
				INFOPLIST_KEY_UISupportedInterfaceOrientations_iPhone = "UIInterfaceOrientationPortrait UIInterfaceOrientationLandscapeLeft UIInterfaceOrientationLandscapeRight";
				LD_RUNPATH_SEARCH_PATHS = (
					"$(inherited)",
					"@executable_path/Frameworks",
				);
				MARKETING_VERSION = 1.0;
				PRODUCT_BUNDLE_IDENTIFIER = "com.series.ott-movies";
				PRODUCT_NAME = "$(TARGET_NAME)";
				SWIFT_EMIT_LOC_STRINGS = YES;
				SWIFT_VERSION = 5.0;
				TARGETED_DEVICE_FAMILY = "1,2";
			};
			name = Debug;
		};
		0CB57D612A2F9A20006EF06A /* Release */ = {
			isa = XCBuildConfiguration;
			buildSettings = {
				ASSETCATALOG_COMPILER_APPICON_NAME = AppIcon;
				ASSETCATALOG_COMPILER_GLOBAL_ACCENT_COLOR_NAME = AccentColor;
				CODE_SIGN_STYLE = Automatic;
				CURRENT_PROJECT_VERSION = 1;
				GENERATE_INFOPLIST_FILE = YES;
				INFOPLIST_FILE = ott_movies/Info.plist;
				INFOPLIST_KEY_UIApplicationSupportsIndirectInputEvents = YES;
				INFOPLIST_KEY_UILaunchStoryboardName = LaunchScreen;
				INFOPLIST_KEY_UIMainStoryboardFile = Main;
				INFOPLIST_KEY_UISupportedInterfaceOrientations_iPad = "UIInterfaceOrientationPortrait UIInterfaceOrientationPortraitUpsideDown UIInterfaceOrientationLandscapeLeft UIInterfaceOrientationLandscapeRight";
				INFOPLIST_KEY_UISupportedInterfaceOrientations_iPhone = "UIInterfaceOrientationPortrait UIInterfaceOrientationLandscapeLeft UIInterfaceOrientationLandscapeRight";
				LD_RUNPATH_SEARCH_PATHS = (
					"$(inherited)",
					"@executable_path/Frameworks",
				);
				MARKETING_VERSION = 1.0;
				PRODUCT_BUNDLE_IDENTIFIER = "com.series.ott-movies";
				PRODUCT_NAME = "$(TARGET_NAME)";
				SWIFT_EMIT_LOC_STRINGS = YES;
				SWIFT_VERSION = 5.0;
				TARGETED_DEVICE_FAMILY = "1,2";
			};
			name = Release;
		};
/* End XCBuildConfiguration section */

/* Begin XCConfigurationList section */
		0CB57D462A2F9A1F006EF06A /* Build configuration list for PBXProject "ott_movies" */ = {
			isa = XCConfigurationList;
			buildConfigurations = (
				0CB57D5D2A2F9A20006EF06A /* Debug */,
				0CB57D5E2A2F9A20006EF06A /* Release */,
			);
			defaultConfigurationIsVisible = 0;
			defaultConfigurationName = Release;
		};
		0CB57D5F2A2F9A20006EF06A /* Build configuration list for PBXNativeTarget "ott_movies" */ = {
			isa = XCConfigurationList;
			buildConfigurations = (
				0CB57D602A2F9A20006EF06A /* Debug */,
				0CB57D612A2F9A20006EF06A /* Release */,
			);
			defaultConfigurationIsVisible = 0;
			defaultConfigurationName = Release;
		};
/* End XCConfigurationList section */

/* Begin XCRemoteSwiftPackageReference section */
		0CB57D6C2A312D47006EF06A /* XCRemoteSwiftPackageReference "SwiftCSV" */ = {
			isa = XCRemoteSwiftPackageReference;
			repositoryURL = "https://github.com/swiftcsv/SwiftCSV";
			requirement = {
				kind = upToNextMajorVersion;
				minimumVersion = 0.8.1;
			};
		};
/* End XCRemoteSwiftPackageReference section */

/* Begin XCSwiftPackageProductDependency section */
		0CB57D6D2A312D47006EF06A /* SwiftCSV */ = {
			isa = XCSwiftPackageProductDependency;
			package = 0CB57D6C2A312D47006EF06A /* XCRemoteSwiftPackageReference "SwiftCSV" */;
			productName = SwiftCSV;
		};
/* End XCSwiftPackageProductDependency section */
	};
	rootObject = 0CB57D432A2F9A1F006EF06A /* Project object */;
}
